
Microsoft Visual Studio Solution File, Format Version 12.00
# Visual Studio Version 17
VisualStudioVersion = 17.0.31903.59
MinimumVisualStudioVersion = 10.0.40219.1
Project("{FAE04EC0-301F-11D3-BF4B-00C04F79EFBC}") = "PrimeService", "PrimeService\PrimeService.csproj", "{739B01AB-B9F5-4B6D-90CE-384CF30FCDD6}"
EndProject
Project("{FAE04EC0-301F-11D3-BF4B-00C04F79EFBC}") = "PrimeService.Tests", "PrimeService.Tests\PrimeService.Tests.csproj", "{4F1EE558-3F8F-4048-B91A-42918D22E8BA}"
EndProject
Global
	GlobalSection(SolutionConfigurationPlatforms) = preSolution
		Debug|Any CPU = Debug|Any CPU
		Release|Any CPU = Release|Any CPU
	EndGlobalSection
	GlobalSection(SolutionProperties) = preSolution
		HideSolutionNode = FALSE
	EndGlobalSection
	GlobalSection(ProjectConfigurationPlatforms) = postSolution
		{739B01AB-B9F5-4B6D-90CE-384CF30FCDD6}.Debug|Any CPU.ActiveCfg = Debug|Any CPU
		{739B01AB-B9F5-4B6D-90CE-384CF30FCDD6}.Debug|Any CPU.Build.0 = Debug|Any CPU
		{739B01AB-B9F5-4B6D-90CE-384CF30FCDD6}.Release|Any CPU.ActiveCfg = Release|Any CPU
		{739B01AB-B9F5-4B6D-90CE-384CF30FCDD6}.Release|Any CPU.Build.0 = Release|Any CPU
		{4F1EE558-3F8F-4048-B91A-42918D22E8BA}.Debug|Any CPU.ActiveCfg = Debug|Any CPU
		{4F1EE558-3F8F-4048-B91A-42918D22E8BA}.Debug|Any CPU.Build.0 = Debug|Any CPU
		{4F1EE558-3F8F-4048-B91A-42918D22E8BA}.Release|Any CPU.ActiveCfg = Release|Any CPU
		{4F1EE558-3F8F-4048-B91A-42918D22E8BA}.Release|Any CPU.Build.0 = Release|Any CPU
	EndGlobalSection
EndGlobal
